{
  "name": "@agent.smith/monitor-rest",
  "version": "1.0.0-alpha",
  "lockfileVersion": 1,
  "requires": true,
  "dependencies": {
    "@agent.smith/monitor-base": {
      "version": "1.0.0-alpha",
      "resolved": "https://registry.npmjs.org/@agent.smith/monitor-base/-/monitor-base-1.0.0-alpha.tgz",
      "integrity": "sha512-LYeFxkm24DE14rKA+xYBaR9lh/yxF7cQ1Tdl2I6wFbMvI9HKgv9NQyvkwtuRbLXEkj4QAYT2G8ihy9UuUXhXeA==",
      "requires": {
        "node-rdkafka": "^2.4.2"
      }
    },
    "@types/node": {
      "version": "10.12.10",
      "resolved": "https://registry.npmjs.org/@types/node/-/node-10.12.10.tgz",
      "integrity": "sha512-8xZEYckCbUVgK8Eg7lf5Iy4COKJ5uXlnIOnePN0WUwSQggy9tolM+tDJf7wMOnT/JT/W9xDYIaYggt3mRV2O5w==",
      "dev": true
    },
    "bindings": {
      "version": "1.3.0",
      "resolved": "https://registry.npmjs.org/bindings/-/bindings-1.3.0.tgz",
      "integrity": "sha512-DpLh5EzMR2kzvX1KIlVC0VkC3iZtHKTgdtZ0a3pglBZdaQFjt5S9g9xd1lE+YvXyfd6mtCeRnrUfOLYiTMlNSw=="
    },
    "h2tp": {
      "version": "2.1.0",
      "resolved": "https://registry.npmjs.org/h2tp/-/h2tp-2.1.0.tgz",
      "integrity": "sha512-1OYVXMZ/J4HACyH27tVu7BuIoxJeIUvCMFWAUWprJl/xIeWHgz/NVrdE6sE1VdsrAO5LEM7PPH8rrtZ5dz+01g=="
    },
    "nan": {
      "version": "2.11.1",
      "resolved": "https://registry.npmjs.org/nan/-/nan-2.11.1.tgz",
      "integrity": "sha512-iji6k87OSXa0CcrLl9z+ZiYSuR2o+c0bGuNmXdrhTQTakxytAFsC56SArGYoiHlJlFoHSnvmhpceZJaXkVuOtA=="
    },
    "node-rdkafka": {
      "version": "2.4.2",
      "resolved": "https://registry.npmjs.org/node-rdkafka/-/node-rdkafka-2.4.2.tgz",
      "integrity": "sha512-sOfVLlLUChJZqmJV5lTdL/psAg4TvkDnSprly6UQenCK8W69ee7Q20v8nzFESsdZWTRgpNHu3WEmz9I+Ef6Bog==",
      "requires": {
        "bindings": "1.x",
        "nan": "2.x"
      }
    }
  }
}
